
Microsoft Visual Studio Solution File, Format Version 12.00
# Visual Studio Version 17
VisualStudioVersion = 17.0.31903.59
MinimumVisualStudioVersion = 10.0.40219.1
Project("{2150E333-8FDC-42A3-9474-1A3956D46DE8}") = "src", "src", "{827E0CD3-B72D-47B6-A68D-7590B98EB39B}"
EndProject
Project("{FAE04EC0-301F-11D3-BF4B-00C04F79EFBC}") = "Shared", "src\Shared\Shared.csproj", "{FD685717-0393-4BAD-996E-BC177188527C}"
EndProject
Project("{FAE04EC0-301F-11D3-BF4B-00C04F79EFBC}") = "Api", "src\Api\Api.csproj", "{0BE18E9E-D9FF-4588-AD9B-6B8E972C5281}"
EndProject
Project("{2150E333-8FDC-42A3-9474-1A3956D46DE8}") = "Accounts", "Accounts", "{A3AC93A5-4512-48EA-6F7F-18FAB7D90316}"
EndProject
Project("{FAE04EC0-301F-11D3-BF4B-00C04F79EFBC}") = "Accounts.Domain", "src\Accounts\Accounts.Domain\Accounts.Domain.csproj", "{40F296E0-139E-423F-A7BA-7DF6C596D520}"
EndProject
Project("{FAE04EC0-301F-11D3-BF4B-00C04F79EFBC}") = "Accounts.Application", "src\Accounts\Accounts.Application\Accounts.Application.csproj", "{681D8A3D-85BC-4B07-9BDB-1243EAE4EAB3}"
EndProject
Project("{FAE04EC0-301F-11D3-BF4B-00C04F79EFBC}") = "Accounts.Infrastructure", "src\Accounts\Accounts.Infrastructure\Accounts.Infrastructure.csproj", "{9BC2D8BF-5415-4944-BE01-336DACC77953}"
EndProject
Project("{2150E333-8FDC-42A3-9474-1A3956D46DE8}") = "AccountTransactions", "AccountTransactions", "{455A9E59-C101-D0E4-13DE-C5251CBE77C7}"
EndProject
Project("{FAE04EC0-301F-11D3-BF4B-00C04F79EFBC}") = "AccountTransactions.Domain", "src\AccountTransactions\AccountTransactions.Domain\AccountTransactions.Domain.csproj", "{E77D08C6-DF8B-45A5-ABDD-7546C44A783E}"
EndProject
Project("{FAE04EC0-301F-11D3-BF4B-00C04F79EFBC}") = "AccountTransactions.Application", "src\AccountTransactions\AccountTransactions.Application\AccountTransactions.Application.csproj", "{58C169A7-58B4-47D6-AA5A-A2C49632F41D}"
EndProject
Project("{FAE04EC0-301F-11D3-BF4B-00C04F79EFBC}") = "AccountTransactions.Infrastructure", "src\AccountTransactions\AccountTransactions.Infrastructure\AccountTransactions.Infrastructure.csproj", "{DA44F84F-D315-444D-82D7-E99C80593BFF}"
EndProject
Project("{2150E333-8FDC-42A3-9474-1A3956D46DE8}") = "Transfers", "Transfers", "{EA95E5BF-92C0-C7B1-9904-A57CA52E204D}"
EndProject
Project("{FAE04EC0-301F-11D3-BF4B-00C04F79EFBC}") = "Transfers.Application", "src\Transfers\Transfers.Application\Transfers.Application.csproj", "{4EB90C3C-69EF-4A57-AF37-51C324AA3236}"
EndProject
Project("{FAE04EC0-301F-11D3-BF4B-00C04F79EFBC}") = "Transfers.Infrastructure", "src\Transfers\Transfers.Infrastructure\Transfers.Infrastructure.csproj", "{4FE66F30-67B7-4F18-A48E-8B0513873635}"
EndProject
Project("{2150E333-8FDC-42A3-9474-1A3956D46DE8}") = "tests", "tests", "{0AB3BF05-4346-4AA6-1389-037BE0695223}"
EndProject
Project("{FAE04EC0-301F-11D3-BF4B-00C04F79EFBC}") = "Accounts.Application.Tests", "tests\Accounts.Application.Tests\Accounts.Application.Tests.csproj", "{777771D3-1003-4D0B-93D1-94EA0B534562}"
EndProject
Project("{FAE04EC0-301F-11D3-BF4B-00C04F79EFBC}") = "AccountTransactions.Domain.Tests", "tests\AccountTransactions.Domain.Tests\AccountTransactions.Domain.Tests.csproj", "{8BA4FFBE-2F12-4765-A23E-3EE659ED6F6C}"
EndProject
Project("{FAE04EC0-301F-11D3-BF4B-00C04F79EFBC}") = "Accounts.Domain.Tests", "tests\Accounts.Domain.Tests\Accounts.Domain.Tests.csproj", "{40B67A26-ED47-4370-89FC-A291906A7580}"
EndProject
Project("{FAE04EC0-301F-11D3-BF4B-00C04F79EFBC}") = "AccountTransactions.Application.Tests", "tests\AccountTransactions.Application.Tests\AccountTransactions.Application.Tests.csproj", "{A1A16670-F9A0-4673-A5EB-324983EAD11C}"
EndProject
Project("{FAE04EC0-301F-11D3-BF4B-00C04F79EFBC}") = "Api.Tests", "tests\Api.Tests\Api.Tests.csproj", "{52DB2D28-C5A7-4C01-B271-A05F6CA6D1EF}"
EndProject
Global
	GlobalSection(SolutionConfigurationPlatforms) = preSolution
		Debug|Any CPU = Debug|Any CPU
		Debug|x64 = Debug|x64
		Debug|x86 = Debug|x86
		Release|Any CPU = Release|Any CPU
		Release|x64 = Release|x64
		Release|x86 = Release|x86
	EndGlobalSection
	GlobalSection(ProjectConfigurationPlatforms) = postSolution
		{FD685717-0393-4BAD-996E-BC177188527C}.Debug|Any CPU.ActiveCfg = Debug|Any CPU
		{FD685717-0393-4BAD-996E-BC177188527C}.Debug|Any CPU.Build.0 = Debug|Any CPU
		{FD685717-0393-4BAD-996E-BC177188527C}.Debug|x64.ActiveCfg = Debug|Any CPU
		{FD685717-0393-4BAD-996E-BC177188527C}.Debug|x64.Build.0 = Debug|Any CPU
		{FD685717-0393-4BAD-996E-BC177188527C}.Debug|x86.ActiveCfg = Debug|Any CPU
		{FD685717-0393-4BAD-996E-BC177188527C}.Debug|x86.Build.0 = Debug|Any CPU
		{FD685717-0393-4BAD-996E-BC177188527C}.Release|Any CPU.ActiveCfg = Release|Any CPU
		{FD685717-0393-4BAD-996E-BC177188527C}.Release|Any CPU.Build.0 = Release|Any CPU
		{FD685717-0393-4BAD-996E-BC177188527C}.Release|x64.ActiveCfg = Release|Any CPU
		{FD685717-0393-4BAD-996E-BC177188527C}.Release|x64.Build.0 = Release|Any CPU
		{FD685717-0393-4BAD-996E-BC177188527C}.Release|x86.ActiveCfg = Release|Any CPU
		{FD685717-0393-4BAD-996E-BC177188527C}.Release|x86.Build.0 = Release|Any CPU
		{0BE18E9E-D9FF-4588-AD9B-6B8E972C5281}.Debug|Any CPU.ActiveCfg = Debug|Any CPU
		{0BE18E9E-D9FF-4588-AD9B-6B8E972C5281}.Debug|Any CPU.Build.0 = Debug|Any CPU
		{0BE18E9E-D9FF-4588-AD9B-6B8E972C5281}.Debug|x64.ActiveCfg = Debug|Any CPU
		{0BE18E9E-D9FF-4588-AD9B-6B8E972C5281}.Debug|x64.Build.0 = Debug|Any CPU
		{0BE18E9E-D9FF-4588-AD9B-6B8E972C5281}.Debug|x86.ActiveCfg = Debug|Any CPU
		{0BE18E9E-D9FF-4588-AD9B-6B8E972C5281}.Debug|x86.Build.0 = Debug|Any CPU
		{0BE18E9E-D9FF-4588-AD9B-6B8E972C5281}.Release|Any CPU.ActiveCfg = Release|Any CPU
		{0BE18E9E-D9FF-4588-AD9B-6B8E972C5281}.Release|Any CPU.Build.0 = Release|Any CPU
		{0BE18E9E-D9FF-4588-AD9B-6B8E972C5281}.Release|x64.ActiveCfg = Release|Any CPU
		{0BE18E9E-D9FF-4588-AD9B-6B8E972C5281}.Release|x64.Build.0 = Release|Any CPU
		{0BE18E9E-D9FF-4588-AD9B-6B8E972C5281}.Release|x86.ActiveCfg = Release|Any CPU
		{0BE18E9E-D9FF-4588-AD9B-6B8E972C5281}.Release|x86.Build.0 = Release|Any CPU
		{40F296E0-139E-423F-A7BA-7DF6C596D520}.Debug|Any CPU.ActiveCfg = Debug|Any CPU
		{40F296E0-139E-423F-A7BA-7DF6C596D520}.Debug|Any CPU.Build.0 = Debug|Any CPU
		{40F296E0-139E-423F-A7BA-7DF6C596D520}.Debug|x64.ActiveCfg = Debug|Any CPU
		{40F296E0-139E-423F-A7BA-7DF6C596D520}.Debug|x64.Build.0 = Debug|Any CPU
		{40F296E0-139E-423F-A7BA-7DF6C596D520}.Debug|x86.ActiveCfg = Debug|Any CPU
		{40F296E0-139E-423F-A7BA-7DF6C596D520}.Debug|x86.Build.0 = Debug|Any CPU
		{40F296E0-139E-423F-A7BA-7DF6C596D520}.Release|Any CPU.ActiveCfg = Release|Any CPU
		{40F296E0-139E-423F-A7BA-7DF6C596D520}.Release|Any CPU.Build.0 = Release|Any CPU
		{40F296E0-139E-423F-A7BA-7DF6C596D520}.Release|x64.ActiveCfg = Release|Any CPU
		{40F296E0-139E-423F-A7BA-7DF6C596D520}.Release|x64.Build.0 = Release|Any CPU
		{40F296E0-139E-423F-A7BA-7DF6C596D520}.Release|x86.ActiveCfg = Release|Any CPU
		{40F296E0-139E-423F-A7BA-7DF6C596D520}.Release|x86.Build.0 = Release|Any CPU
		{681D8A3D-85BC-4B07-9BDB-1243EAE4EAB3}.Debug|Any CPU.ActiveCfg = Debug|Any CPU
		{681D8A3D-85BC-4B07-9BDB-1243EAE4EAB3}.Debug|Any CPU.Build.0 = Debug|Any CPU
		{681D8A3D-85BC-4B07-9BDB-1243EAE4EAB3}.Debug|x64.ActiveCfg = Debug|Any CPU
		{681D8A3D-85BC-4B07-9BDB-1243EAE4EAB3}.Debug|x64.Build.0 = Debug|Any CPU
		{681D8A3D-85BC-4B07-9BDB-1243EAE4EAB3}.Debug|x86.ActiveCfg = Debug|Any CPU
		{681D8A3D-85BC-4B07-9BDB-1243EAE4EAB3}.Debug|x86.Build.0 = Debug|Any CPU
		{681D8A3D-85BC-4B07-9BDB-1243EAE4EAB3}.Release|Any CPU.ActiveCfg = Release|Any CPU
		{681D8A3D-85BC-4B07-9BDB-1243EAE4EAB3}.Release|Any CPU.Build.0 = Release|Any CPU
		{681D8A3D-85BC-4B07-9BDB-1243EAE4EAB3}.Release|x64.ActiveCfg = Release|Any CPU
		{681D8A3D-85BC-4B07-9BDB-1243EAE4EAB3}.Release|x64.Build.0 = Release|Any CPU
		{681D8A3D-85BC-4B07-9BDB-1243EAE4EAB3}.Release|x86.ActiveCfg = Release|Any CPU
		{681D8A3D-85BC-4B07-9BDB-1243EAE4EAB3}.Release|x86.Build.0 = Release|Any CPU
		{9BC2D8BF-5415-4944-BE01-336DACC77953}.Debug|Any CPU.ActiveCfg = Debug|Any CPU
		{9BC2D8BF-5415-4944-BE01-336DACC77953}.Debug|Any CPU.Build.0 = Debug|Any CPU
		{9BC2D8BF-5415-4944-BE01-336DACC77953}.Debug|x64.ActiveCfg = Debug|Any CPU
		{9BC2D8BF-5415-4944-BE01-336DACC77953}.Debug|x64.Build.0 = Debug|Any CPU
		{9BC2D8BF-5415-4944-BE01-336DACC77953}.Debug|x86.ActiveCfg = Debug|Any CPU
		{9BC2D8BF-5415-4944-BE01-336DACC77953}.Debug|x86.Build.0 = Debug|Any CPU
		{9BC2D8BF-5415-4944-BE01-336DACC77953}.Release|Any CPU.ActiveCfg = Release|Any CPU
		{9BC2D8BF-5415-4944-BE01-336DACC77953}.Release|Any CPU.Build.0 = Release|Any CPU
		{9BC2D8BF-5415-4944-BE01-336DACC77953}.Release|x64.ActiveCfg = Release|Any CPU
		{9BC2D8BF-5415-4944-BE01-336DACC77953}.Release|x64.Build.0 = Release|Any CPU
		{9BC2D8BF-5415-4944-BE01-336DACC77953}.Release|x86.ActiveCfg = Release|Any CPU
		{9BC2D8BF-5415-4944-BE01-336DACC77953}.Release|x86.Build.0 = Release|Any CPU
		{E77D08C6-DF8B-45A5-ABDD-7546C44A783E}.Debug|Any CPU.ActiveCfg = Debug|Any CPU
		{E77D08C6-DF8B-45A5-ABDD-7546C44A783E}.Debug|Any CPU.Build.0 = Debug|Any CPU
		{E77D08C6-DF8B-45A5-ABDD-7546C44A783E}.Debug|x64.ActiveCfg = Debug|Any CPU
		{E77D08C6-DF8B-45A5-ABDD-7546C44A783E}.Debug|x64.Build.0 = Debug|Any CPU
		{E77D08C6-DF8B-45A5-ABDD-7546C44A783E}.Debug|x86.ActiveCfg = Debug|Any CPU
		{E77D08C6-DF8B-45A5-ABDD-7546C44A783E}.Debug|x86.Build.0 = Debug|Any CPU
		{E77D08C6-DF8B-45A5-ABDD-7546C44A783E}.Release|Any CPU.ActiveCfg = Release|Any CPU
		{E77D08C6-DF8B-45A5-ABDD-7546C44A783E}.Release|Any CPU.Build.0 = Release|Any CPU
		{E77D08C6-DF8B-45A5-ABDD-7546C44A783E}.Release|x64.ActiveCfg = Release|Any CPU
		{E77D08C6-DF8B-45A5-ABDD-7546C44A783E}.Release|x64.Build.0 = Release|Any CPU
		{E77D08C6-DF8B-45A5-ABDD-7546C44A783E}.Release|x86.ActiveCfg = Release|Any CPU
		{E77D08C6-DF8B-45A5-ABDD-7546C44A783E}.Release|x86.Build.0 = Release|Any CPU
		{58C169A7-58B4-47D6-AA5A-A2C49632F41D}.Debug|Any CPU.ActiveCfg = Debug|Any CPU
		{58C169A7-58B4-47D6-AA5A-A2C49632F41D}.Debug|Any CPU.Build.0 = Debug|Any CPU
		{58C169A7-58B4-47D6-AA5A-A2C49632F41D}.Debug|x64.ActiveCfg = Debug|Any CPU
		{58C169A7-58B4-47D6-AA5A-A2C49632F41D}.Debug|x64.Build.0 = Debug|Any CPU
		{58C169A7-58B4-47D6-AA5A-A2C49632F41D}.Debug|x86.ActiveCfg = Debug|Any CPU
		{58C169A7-58B4-47D6-AA5A-A2C49632F41D}.Debug|x86.Build.0 = Debug|Any CPU
		{58C169A7-58B4-47D6-AA5A-A2C49632F41D}.Release|Any CPU.ActiveCfg = Release|Any CPU
		{58C169A7-58B4-47D6-AA5A-A2C49632F41D}.Release|Any CPU.Build.0 = Release|Any CPU
		{58C169A7-58B4-47D6-AA5A-A2C49632F41D}.Release|x64.ActiveCfg = Release|Any CPU
		{58C169A7-58B4-47D6-AA5A-A2C49632F41D}.Release|x64.Build.0 = Release|Any CPU
		{58C169A7-58B4-47D6-AA5A-A2C49632F41D}.Release|x86.ActiveCfg = Release|Any CPU
		{58C169A7-58B4-47D6-AA5A-A2C49632F41D}.Release|x86.Build.0 = Release|Any CPU
		{DA44F84F-D315-444D-82D7-E99C80593BFF}.Debug|Any CPU.ActiveCfg = Debug|Any CPU
		{DA44F84F-D315-444D-82D7-E99C80593BFF}.Debug|Any CPU.Build.0 = Debug|Any CPU
		{DA44F84F-D315-444D-82D7-E99C80593BFF}.Debug|x64.ActiveCfg = Debug|Any CPU
		{DA44F84F-D315-444D-82D7-E99C80593BFF}.Debug|x64.Build.0 = Debug|Any CPU
		{DA44F84F-D315-444D-82D7-E99C80593BFF}.Debug|x86.ActiveCfg = Debug|Any CPU
		{DA44F84F-D315-444D-82D7-E99C80593BFF}.Debug|x86.Build.0 = Debug|Any CPU
		{DA44F84F-D315-444D-82D7-E99C80593BFF}.Release|Any CPU.ActiveCfg = Release|Any CPU
		{DA44F84F-D315-444D-82D7-E99C80593BFF}.Release|Any CPU.Build.0 = Release|Any CPU
		{DA44F84F-D315-444D-82D7-E99C80593BFF}.Release|x64.ActiveCfg = Release|Any CPU
		{DA44F84F-D315-444D-82D7-E99C80593BFF}.Release|x64.Build.0 = Release|Any CPU
		{DA44F84F-D315-444D-82D7-E99C80593BFF}.Release|x86.ActiveCfg = Release|Any CPU
		{DA44F84F-D315-444D-82D7-E99C80593BFF}.Release|x86.Build.0 = Release|Any CPU
		{4EB90C3C-69EF-4A57-AF37-51C324AA3236}.Debug|Any CPU.ActiveCfg = Debug|Any CPU
		{4EB90C3C-69EF-4A57-AF37-51C324AA3236}.Debug|Any CPU.Build.0 = Debug|Any CPU
		{4EB90C3C-69EF-4A57-AF37-51C324AA3236}.Debug|x64.ActiveCfg = Debug|Any CPU
		{4EB90C3C-69EF-4A57-AF37-51C324AA3236}.Debug|x64.Build.0 = Debug|Any CPU
		{4EB90C3C-69EF-4A57-AF37-51C324AA3236}.Debug|x86.ActiveCfg = Debug|Any CPU
		{4EB90C3C-69EF-4A57-AF37-51C324AA3236}.Debug|x86.Build.0 = Debug|Any CPU
		{4EB90C3C-69EF-4A57-AF37-51C324AA3236}.Release|Any CPU.ActiveCfg = Release|Any CPU
		{4EB90C3C-69EF-4A57-AF37-51C324AA3236}.Release|Any CPU.Build.0 = Release|Any CPU
		{4EB90C3C-69EF-4A57-AF37-51C324AA3236}.Release|x64.ActiveCfg = Release|Any CPU
		{4EB90C3C-69EF-4A57-AF37-51C324AA3236}.Release|x64.Build.0 = Release|Any CPU
		{4EB90C3C-69EF-4A57-AF37-51C324AA3236}.Release|x86.ActiveCfg = Release|Any CPU
		{4EB90C3C-69EF-4A57-AF37-51C324AA3236}.Release|x86.Build.0 = Release|Any CPU
		{4FE66F30-67B7-4F18-A48E-8B0513873635}.Debug|Any CPU.ActiveCfg = Debug|Any CPU
		{4FE66F30-67B7-4F18-A48E-8B0513873635}.Debug|Any CPU.Build.0 = Debug|Any CPU
		{4FE66F30-67B7-4F18-A48E-8B0513873635}.Debug|x64.ActiveCfg = Debug|Any CPU
		{4FE66F30-67B7-4F18-A48E-8B0513873635}.Debug|x64.Build.0 = Debug|Any CPU
		{4FE66F30-67B7-4F18-A48E-8B0513873635}.Debug|x86.ActiveCfg = Debug|Any CPU
		{4FE66F30-67B7-4F18-A48E-8B0513873635}.Debug|x86.Build.0 = Debug|Any CPU
		{4FE66F30-67B7-4F18-A48E-8B0513873635}.Release|Any CPU.ActiveCfg = Release|Any CPU
		{4FE66F30-67B7-4F18-A48E-8B0513873635}.Release|Any CPU.Build.0 = Release|Any CPU
		{4FE66F30-67B7-4F18-A48E-8B0513873635}.Release|x64.ActiveCfg = Release|Any CPU
		{4FE66F30-67B7-4F18-A48E-8B0513873635}.Release|x64.Build.0 = Release|Any CPU
		{4FE66F30-67B7-4F18-A48E-8B0513873635}.Release|x86.ActiveCfg = Release|Any CPU
		{4FE66F30-67B7-4F18-A48E-8B0513873635}.Release|x86.Build.0 = Release|Any CPU
		{777771D3-1003-4D0B-93D1-94EA0B534562}.Debug|Any CPU.ActiveCfg = Debug|Any CPU
		{777771D3-1003-4D0B-93D1-94EA0B534562}.Debug|Any CPU.Build.0 = Debug|Any CPU
		{777771D3-1003-4D0B-93D1-94EA0B534562}.Debug|x64.ActiveCfg = Debug|Any CPU
		{777771D3-1003-4D0B-93D1-94EA0B534562}.Debug|x64.Build.0 = Debug|Any CPU
		{777771D3-1003-4D0B-93D1-94EA0B534562}.Debug|x86.ActiveCfg = Debug|Any CPU
		{777771D3-1003-4D0B-93D1-94EA0B534562}.Debug|x86.Build.0 = Debug|Any CPU
		{777771D3-1003-4D0B-93D1-94EA0B534562}.Release|Any CPU.ActiveCfg = Release|Any CPU
		{777771D3-1003-4D0B-93D1-94EA0B534562}.Release|Any CPU.Build.0 = Release|Any CPU
		{777771D3-1003-4D0B-93D1-94EA0B534562}.Release|x64.ActiveCfg = Release|Any CPU
		{777771D3-1003-4D0B-93D1-94EA0B534562}.Release|x64.Build.0 = Release|Any CPU
		{777771D3-1003-4D0B-93D1-94EA0B534562}.Release|x86.ActiveCfg = Release|Any CPU
		{777771D3-1003-4D0B-93D1-94EA0B534562}.Release|x86.Build.0 = Release|Any CPU
		{8BA4FFBE-2F12-4765-A23E-3EE659ED6F6C}.Debug|Any CPU.ActiveCfg = Debug|Any CPU
		{8BA4FFBE-2F12-4765-A23E-3EE659ED6F6C}.Debug|Any CPU.Build.0 = Debug|Any CPU
		{8BA4FFBE-2F12-4765-A23E-3EE659ED6F6C}.Debug|x64.ActiveCfg = Debug|Any CPU
		{8BA4FFBE-2F12-4765-A23E-3EE659ED6F6C}.Debug|x64.Build.0 = Debug|Any CPU
		{8BA4FFBE-2F12-4765-A23E-3EE659ED6F6C}.Debug|x86.ActiveCfg = Debug|Any CPU
		{8BA4FFBE-2F12-4765-A23E-3EE659ED6F6C}.Debug|x86.Build.0 = Debug|Any CPU
		{8BA4FFBE-2F12-4765-A23E-3EE659ED6F6C}.Release|Any CPU.ActiveCfg = Release|Any CPU
		{8BA4FFBE-2F12-4765-A23E-3EE659ED6F6C}.Release|Any CPU.Build.0 = Release|Any CPU
		{8BA4FFBE-2F12-4765-A23E-3EE659ED6F6C}.Release|x64.ActiveCfg = Release|Any CPU
		{8BA4FFBE-2F12-4765-A23E-3EE659ED6F6C}.Release|x64.Build.0 = Release|Any CPU
		{8BA4FFBE-2F12-4765-A23E-3EE659ED6F6C}.Release|x86.ActiveCfg = Release|Any CPU
		{8BA4FFBE-2F12-4765-A23E-3EE659ED6F6C}.Release|x86.Build.0 = Release|Any CPU
		{40B67A26-ED47-4370-89FC-A291906A7580}.Debug|Any CPU.ActiveCfg = Debug|Any CPU
		{40B67A26-ED47-4370-89FC-A291906A7580}.Debug|Any CPU.Build.0 = Debug|Any CPU
		{40B67A26-ED47-4370-89FC-A291906A7580}.Debug|x64.ActiveCfg = Debug|Any CPU
		{40B67A26-ED47-4370-89FC-A291906A7580}.Debug|x64.Build.0 = Debug|Any CPU
		{40B67A26-ED47-4370-89FC-A291906A7580}.Debug|x86.ActiveCfg = Debug|Any CPU
		{40B67A26-ED47-4370-89FC-A291906A7580}.Debug|x86.Build.0 = Debug|Any CPU
		{40B67A26-ED47-4370-89FC-A291906A7580}.Release|Any CPU.ActiveCfg = Release|Any CPU
		{40B67A26-ED47-4370-89FC-A291906A7580}.Release|Any CPU.Build.0 = Release|Any CPU
		{40B67A26-ED47-4370-89FC-A291906A7580}.Release|x64.ActiveCfg = Release|Any CPU
		{40B67A26-ED47-4370-89FC-A291906A7580}.Release|x64.Build.0 = Release|Any CPU
		{40B67A26-ED47-4370-89FC-A291906A7580}.Release|x86.ActiveCfg = Release|Any CPU
		{40B67A26-ED47-4370-89FC-A291906A7580}.Release|x86.Build.0 = Release|Any CPU
		{A1A16670-F9A0-4673-A5EB-324983EAD11C}.Debug|Any CPU.ActiveCfg = Debug|Any CPU
		{A1A16670-F9A0-4673-A5EB-324983EAD11C}.Debug|Any CPU.Build.0 = Debug|Any CPU
		{A1A16670-F9A0-4673-A5EB-324983EAD11C}.Debug|x64.ActiveCfg = Debug|Any CPU
		{A1A16670-F9A0-4673-A5EB-324983EAD11C}.Debug|x64.Build.0 = Debug|Any CPU
		{A1A16670-F9A0-4673-A5EB-324983EAD11C}.Debug|x86.ActiveCfg = Debug|Any CPU
		{A1A16670-F9A0-4673-A5EB-324983EAD11C}.Debug|x86.Build.0 = Debug|Any CPU
		{A1A16670-F9A0-4673-A5EB-324983EAD11C}.Release|Any CPU.ActiveCfg = Release|Any CPU
		{A1A16670-F9A0-4673-A5EB-324983EAD11C}.Release|Any CPU.Build.0 = Release|Any CPU
		{A1A16670-F9A0-4673-A5EB-324983EAD11C}.Release|x64.ActiveCfg = Release|Any CPU
		{A1A16670-F9A0-4673-A5EB-324983EAD11C}.Release|x64.Build.0 = Release|Any CPU
		{A1A16670-F9A0-4673-A5EB-324983EAD11C}.Release|x86.ActiveCfg = Release|Any CPU
		{A1A16670-F9A0-4673-A5EB-324983EAD11C}.Release|x86.Build.0 = Release|Any CPU
		{52DB2D28-C5A7-4C01-B271-A05F6CA6D1EF}.Debug|Any CPU.ActiveCfg = Debug|Any CPU
		{52DB2D28-C5A7-4C01-B271-A05F6CA6D1EF}.Debug|Any CPU.Build.0 = Debug|Any CPU
		{52DB2D28-C5A7-4C01-B271-A05F6CA6D1EF}.Debug|x64.ActiveCfg = Debug|Any CPU
		{52DB2D28-C5A7-4C01-B271-A05F6CA6D1EF}.Debug|x64.Build.0 = Debug|Any CPU
		{52DB2D28-C5A7-4C01-B271-A05F6CA6D1EF}.Debug|x86.ActiveCfg = Debug|Any CPU
		{52DB2D28-C5A7-4C01-B271-A05F6CA6D1EF}.Debug|x86.Build.0 = Debug|Any CPU
		{52DB2D28-C5A7-4C01-B271-A05F6CA6D1EF}.Release|Any CPU.ActiveCfg = Release|Any CPU
		{52DB2D28-C5A7-4C01-B271-A05F6CA6D1EF}.Release|Any CPU.Build.0 = Release|Any CPU
		{52DB2D28-C5A7-4C01-B271-A05F6CA6D1EF}.Release|x64.ActiveCfg = Release|Any CPU
		{52DB2D28-C5A7-4C01-B271-A05F6CA6D1EF}.Release|x64.Build.0 = Release|Any CPU
		{52DB2D28-C5A7-4C01-B271-A05F6CA6D1EF}.Release|x86.ActiveCfg = Release|Any CPU
		{52DB2D28-C5A7-4C01-B271-A05F6CA6D1EF}.Release|x86.Build.0 = Release|Any CPU
	EndGlobalSection
	GlobalSection(SolutionProperties) = preSolution
		HideSolutionNode = FALSE
	EndGlobalSection
	GlobalSection(NestedProjects) = preSolution
		{FD685717-0393-4BAD-996E-BC177188527C} = {827E0CD3-B72D-47B6-A68D-7590B98EB39B}
		{0BE18E9E-D9FF-4588-AD9B-6B8E972C5281} = {827E0CD3-B72D-47B6-A68D-7590B98EB39B}
		{A3AC93A5-4512-48EA-6F7F-18FAB7D90316} = {827E0CD3-B72D-47B6-A68D-7590B98EB39B}
		{40F296E0-139E-423F-A7BA-7DF6C596D520} = {A3AC93A5-4512-48EA-6F7F-18FAB7D90316}
		{681D8A3D-85BC-4B07-9BDB-1243EAE4EAB3} = {A3AC93A5-4512-48EA-6F7F-18FAB7D90316}
		{9BC2D8BF-5415-4944-BE01-336DACC77953} = {A3AC93A5-4512-48EA-6F7F-18FAB7D90316}
		{455A9E59-C101-D0E4-13DE-C5251CBE77C7} = {827E0CD3-B72D-47B6-A68D-7590B98EB39B}
		{E77D08C6-DF8B-45A5-ABDD-7546C44A783E} = {455A9E59-C101-D0E4-13DE-C5251CBE77C7}
		{58C169A7-58B4-47D6-AA5A-A2C49632F41D} = {455A9E59-C101-D0E4-13DE-C5251CBE77C7}
		{DA44F84F-D315-444D-82D7-E99C80593BFF} = {455A9E59-C101-D0E4-13DE-C5251CBE77C7}
		{EA95E5BF-92C0-C7B1-9904-A57CA52E204D} = {827E0CD3-B72D-47B6-A68D-7590B98EB39B}
		{4EB90C3C-69EF-4A57-AF37-51C324AA3236} = {EA95E5BF-92C0-C7B1-9904-A57CA52E204D}
		{4FE66F30-67B7-4F18-A48E-8B0513873635} = {EA95E5BF-92C0-C7B1-9904-A57CA52E204D}
		{777771D3-1003-4D0B-93D1-94EA0B534562} = {0AB3BF05-4346-4AA6-1389-037BE0695223}
		{8BA4FFBE-2F12-4765-A23E-3EE659ED6F6C} = {0AB3BF05-4346-4AA6-1389-037BE0695223}
		{40B67A26-ED47-4370-89FC-A291906A7580} = {0AB3BF05-4346-4AA6-1389-037BE0695223}
		{A1A16670-F9A0-4673-A5EB-324983EAD11C} = {0AB3BF05-4346-4AA6-1389-037BE0695223}
		{52DB2D28-C5A7-4C01-B271-A05F6CA6D1EF} = {0AB3BF05-4346-4AA6-1389-037BE0695223}
	EndGlobalSection
EndGlobal
